
Microsoft Visual Studio Solution File, Format Version 12.00
# Visual Studio 14
VisualStudioVersion = 14.0.25420.1
MinimumVisualStudioVersion = 10.0.40219.1
Project("{FAE04EC0-301F-11D3-BF4B-00C04F79EFBC}") = "AzureTableStorage", "AzureTableStorage\AzureTableStorage.csproj", "{D9987CD8-B99E-4555-8830-4698E4B03DBE}"
EndProject
Global
	GlobalSection(SolutionConfigurationPlatforms) = preSolution
		Debug|Any CPU = Debug|Any CPU
		Release|Any CPU = Release|Any CPU
	EndGlobalSection
	GlobalSection(ProjectConfigurationPlatforms) = postSolution
		{D9987CD8-B99E-4555-8830-4698E4B03DBE}.Debug|Any CPU.ActiveCfg = Debug|Any CPU
		{D9987CD8-B99E-4555-8830-4698E4B03DBE}.Debug|Any CPU.Build.0 = Debug|Any CPU
		{D9987CD8-B99E-4555-8830-4698E4B03DBE}.Release|Any CPU.ActiveCfg = Release|Any CPU
		{D9987CD8-B99E-4555-8830-4698E4B03DBE}.Release|Any CPU.Build.0 = Release|Any CPU
	EndGlobalSection
	GlobalSection(SolutionProperties) = preSolution
		HideSolutionNode = FALSE
	EndGlobalSection
EndGlobal
