
Microsoft Visual Studio Solution File, Format Version 12.00
# Visual Studio 14
VisualStudioVersion = 14.0.25420.1
MinimumVisualStudioVersion = 10.0.40219.1
Project("{159641D6-6404-4A2A-AE62-294DE0FE8301}") = "Cosmos Data Loader", "Cosmos Data Loader\Cosmos Data Loader.dtproj", "{03956CA4-84D8-4CCD-9498-F798045C15AD}"
EndProject
Global
	GlobalSection(SolutionConfigurationPlatforms) = preSolution
		Development|Default = Development|Default
	EndGlobalSection
	GlobalSection(ProjectConfigurationPlatforms) = postSolution
		{03956CA4-84D8-4CCD-9498-F798045C15AD}.Development|Default.ActiveCfg = Development
		{03956CA4-84D8-4CCD-9498-F798045C15AD}.Development|Default.Build.0 = Development
	EndGlobalSection
	GlobalSection(SolutionProperties) = preSolution
		HideSolutionNode = FALSE
	EndGlobalSection
EndGlobal
